
Microsoft Visual Studio Solution File, Format Version 12.00
Project("{FAE04EC0-301F-11D3-BF4B-00C04F79EFBC}") = "LifeCare.API", "LifeCare.API\LifeCare.API.csproj", "{E294032C-6CF7-46ED-BBBB-76E5C4D845E8}"
EndProject
Project("{2150E333-8FDC-42A3-9474-1A3956D46DE8}") = "Solution Items", "Solution Items", "{5B685190-EF49-4AA3-A6AE-94D2D59B15C0}"
	ProjectSection(SolutionItems) = preProject
		docker-compose.yaml = docker-compose.yaml
	EndProjectSection
EndProject
Project("{2150E333-8FDC-42A3-9474-1A3956D46DE8}") = "LifeCare.Modules", "LifeCare.Modules", "{C6F915E5-2082-BFE7-3F86-B10302675616}"
EndProject
Project("{2150E333-8FDC-42A3-9474-1A3956D46DE8}") = "Shared", "Shared", "{8DB0F80C-9C28-1806-10F7-9331F621B8B9}"
EndProject
Project("{2150E333-8FDC-42A3-9474-1A3956D46DE8}") = "Domain", "Domain", "{634458F3-3EFD-CE12-5414-2B2A853789C6}"
EndProject
Project("{FAE04EC0-301F-11D3-BF4B-00C04F79EFBC}") = "LifeCare.Modules.Shared.Domain", "LifeCare.Modules\Shared\Domain\LifeCare.Modules.Shared.Domain.csproj", "{745B86AB-1D68-4C90-AFE2-D47A92B112DF}"
EndProject
Project("{2150E333-8FDC-42A3-9474-1A3956D46DE8}") = "Application", "Application", "{774F992E-BC81-20E7-FE97-3679E348A82F}"
EndProject
Project("{FAE04EC0-301F-11D3-BF4B-00C04F79EFBC}") = "LifeCare.Modules.Shared.Application", "LifeCare.Modules\Shared\Application\LifeCare.Modules.Shared.Application.csproj", "{03F180EA-F7F9-4FB4-B77F-85566D6604D0}"
EndProject
Project("{2150E333-8FDC-42A3-9474-1A3956D46DE8}") = "Patients", "Patients", "{0B2DC40A-9B0F-CCA5-6E03-4CCFA65A9ADA}"
EndProject
Project("{2150E333-8FDC-42A3-9474-1A3956D46DE8}") = "Domain", "Domain", "{451BC051-E2A0-EF12-F685-BF22E80A6ADE}"
EndProject
Project("{FAE04EC0-301F-11D3-BF4B-00C04F79EFBC}") = "LifeCare.Modules.Patients.Domain", "LifeCare.Modules\Patients\Domain\LifeCare.Modules.Patients.Domain.csproj", "{FEB6321F-C0B7-4C6A-B703-79B0EB9CA3D5}"
EndProject
Project("{2150E333-8FDC-42A3-9474-1A3956D46DE8}") = "Application", "Application", "{712BF2A0-2480-E2F3-00F2-77C8723FD39F}"
EndProject
Project("{FAE04EC0-301F-11D3-BF4B-00C04F79EFBC}") = "LifeCare.Modules.Patients.Application", "LifeCare.Modules\Patients\Application\LifeCare.Modules.Patients.Application.csproj", "{378D2A8D-D2CB-43AD-A2A3-16196B6B0F1A}"
EndProject
Project("{2150E333-8FDC-42A3-9474-1A3956D46DE8}") = "Infrastructure", "Infrastructure", "{EFDFCBE6-18E7-3092-6DAA-0571E160DD2E}"
EndProject
Project("{FAE04EC0-301F-11D3-BF4B-00C04F79EFBC}") = "LifeCare.Modules.Patients.Infrastructure", "LifeCare.Modules\Patients\Infrastructure\LifeCare.Modules.Patients.Infrastructure.csproj", "{4EEE87B7-1E2F-491D-A47F-F7D693C8C368}"
EndProject
Project("{2150E333-8FDC-42A3-9474-1A3956D46DE8}") = "Infrastructure", "Infrastructure", "{AF592700-7625-79EB-E2BF-4A444E6AA1DD}"
EndProject
Project("{FAE04EC0-301F-11D3-BF4B-00C04F79EFBC}") = "LifeCare.Modules.Shared.Infrastructure", "LifeCare.Modules\Shared\Infrastructure\LifeCare.Modules.Shared.Infrastructure.csproj", "{943ED518-E158-4B80-BE1A-8EC8F6A26CF5}"
EndProject
Global
	GlobalSection(SolutionConfigurationPlatforms) = preSolution
		Debug|Any CPU = Debug|Any CPU
		Debug|x64 = Debug|x64
		Debug|x86 = Debug|x86
		Release|Any CPU = Release|Any CPU
		Release|x64 = Release|x64
		Release|x86 = Release|x86
	EndGlobalSection
	GlobalSection(ProjectConfigurationPlatforms) = postSolution
		{E294032C-6CF7-46ED-BBBB-76E5C4D845E8}.Debug|Any CPU.ActiveCfg = Debug|Any CPU
		{E294032C-6CF7-46ED-BBBB-76E5C4D845E8}.Debug|Any CPU.Build.0 = Debug|Any CPU
		{E294032C-6CF7-46ED-BBBB-76E5C4D845E8}.Debug|x64.ActiveCfg = Debug|Any CPU
		{E294032C-6CF7-46ED-BBBB-76E5C4D845E8}.Debug|x64.Build.0 = Debug|Any CPU
		{E294032C-6CF7-46ED-BBBB-76E5C4D845E8}.Debug|x86.ActiveCfg = Debug|Any CPU
		{E294032C-6CF7-46ED-BBBB-76E5C4D845E8}.Debug|x86.Build.0 = Debug|Any CPU
		{E294032C-6CF7-46ED-BBBB-76E5C4D845E8}.Release|Any CPU.ActiveCfg = Release|Any CPU
		{E294032C-6CF7-46ED-BBBB-76E5C4D845E8}.Release|Any CPU.Build.0 = Release|Any CPU
		{E294032C-6CF7-46ED-BBBB-76E5C4D845E8}.Release|x64.ActiveCfg = Release|Any CPU
		{E294032C-6CF7-46ED-BBBB-76E5C4D845E8}.Release|x64.Build.0 = Release|Any CPU
		{E294032C-6CF7-46ED-BBBB-76E5C4D845E8}.Release|x86.ActiveCfg = Release|Any CPU
		{E294032C-6CF7-46ED-BBBB-76E5C4D845E8}.Release|x86.Build.0 = Release|Any CPU
		{745B86AB-1D68-4C90-AFE2-D47A92B112DF}.Debug|Any CPU.ActiveCfg = Debug|Any CPU
		{745B86AB-1D68-4C90-AFE2-D47A92B112DF}.Debug|Any CPU.Build.0 = Debug|Any CPU
		{745B86AB-1D68-4C90-AFE2-D47A92B112DF}.Debug|x64.ActiveCfg = Debug|Any CPU
		{745B86AB-1D68-4C90-AFE2-D47A92B112DF}.Debug|x64.Build.0 = Debug|Any CPU
		{745B86AB-1D68-4C90-AFE2-D47A92B112DF}.Debug|x86.ActiveCfg = Debug|Any CPU
		{745B86AB-1D68-4C90-AFE2-D47A92B112DF}.Debug|x86.Build.0 = Debug|Any CPU
		{745B86AB-1D68-4C90-AFE2-D47A92B112DF}.Release|Any CPU.ActiveCfg = Release|Any CPU
		{745B86AB-1D68-4C90-AFE2-D47A92B112DF}.Release|Any CPU.Build.0 = Release|Any CPU
		{745B86AB-1D68-4C90-AFE2-D47A92B112DF}.Release|x64.ActiveCfg = Release|Any CPU
		{745B86AB-1D68-4C90-AFE2-D47A92B112DF}.Release|x64.Build.0 = Release|Any CPU
		{745B86AB-1D68-4C90-AFE2-D47A92B112DF}.Release|x86.ActiveCfg = Release|Any CPU
		{745B86AB-1D68-4C90-AFE2-D47A92B112DF}.Release|x86.Build.0 = Release|Any CPU
		{03F180EA-F7F9-4FB4-B77F-85566D6604D0}.Debug|Any CPU.ActiveCfg = Debug|Any CPU
		{03F180EA-F7F9-4FB4-B77F-85566D6604D0}.Debug|Any CPU.Build.0 = Debug|Any CPU
		{03F180EA-F7F9-4FB4-B77F-85566D6604D0}.Debug|x64.ActiveCfg = Debug|Any CPU
		{03F180EA-F7F9-4FB4-B77F-85566D6604D0}.Debug|x64.Build.0 = Debug|Any CPU
		{03F180EA-F7F9-4FB4-B77F-85566D6604D0}.Debug|x86.ActiveCfg = Debug|Any CPU
		{03F180EA-F7F9-4FB4-B77F-85566D6604D0}.Debug|x86.Build.0 = Debug|Any CPU
		{03F180EA-F7F9-4FB4-B77F-85566D6604D0}.Release|Any CPU.ActiveCfg = Release|Any CPU
		{03F180EA-F7F9-4FB4-B77F-85566D6604D0}.Release|Any CPU.Build.0 = Release|Any CPU
		{03F180EA-F7F9-4FB4-B77F-85566D6604D0}.Release|x64.ActiveCfg = Release|Any CPU
		{03F180EA-F7F9-4FB4-B77F-85566D6604D0}.Release|x64.Build.0 = Release|Any CPU
		{03F180EA-F7F9-4FB4-B77F-85566D6604D0}.Release|x86.ActiveCfg = Release|Any CPU
		{03F180EA-F7F9-4FB4-B77F-85566D6604D0}.Release|x86.Build.0 = Release|Any CPU
		{FEB6321F-C0B7-4C6A-B703-79B0EB9CA3D5}.Debug|Any CPU.ActiveCfg = Debug|Any CPU
		{FEB6321F-C0B7-4C6A-B703-79B0EB9CA3D5}.Debug|Any CPU.Build.0 = Debug|Any CPU
		{FEB6321F-C0B7-4C6A-B703-79B0EB9CA3D5}.Debug|x64.ActiveCfg = Debug|Any CPU
		{FEB6321F-C0B7-4C6A-B703-79B0EB9CA3D5}.Debug|x64.Build.0 = Debug|Any CPU
		{FEB6321F-C0B7-4C6A-B703-79B0EB9CA3D5}.Debug|x86.ActiveCfg = Debug|Any CPU
		{FEB6321F-C0B7-4C6A-B703-79B0EB9CA3D5}.Debug|x86.Build.0 = Debug|Any CPU
		{FEB6321F-C0B7-4C6A-B703-79B0EB9CA3D5}.Release|Any CPU.ActiveCfg = Release|Any CPU
		{FEB6321F-C0B7-4C6A-B703-79B0EB9CA3D5}.Release|Any CPU.Build.0 = Release|Any CPU
		{FEB6321F-C0B7-4C6A-B703-79B0EB9CA3D5}.Release|x64.ActiveCfg = Release|Any CPU
		{FEB6321F-C0B7-4C6A-B703-79B0EB9CA3D5}.Release|x64.Build.0 = Release|Any CPU
		{FEB6321F-C0B7-4C6A-B703-79B0EB9CA3D5}.Release|x86.ActiveCfg = Release|Any CPU
		{FEB6321F-C0B7-4C6A-B703-79B0EB9CA3D5}.Release|x86.Build.0 = Release|Any CPU
		{378D2A8D-D2CB-43AD-A2A3-16196B6B0F1A}.Debug|Any CPU.ActiveCfg = Debug|Any CPU
		{378D2A8D-D2CB-43AD-A2A3-16196B6B0F1A}.Debug|Any CPU.Build.0 = Debug|Any CPU
		{378D2A8D-D2CB-43AD-A2A3-16196B6B0F1A}.Debug|x64.ActiveCfg = Debug|Any CPU
		{378D2A8D-D2CB-43AD-A2A3-16196B6B0F1A}.Debug|x64.Build.0 = Debug|Any CPU
		{378D2A8D-D2CB-43AD-A2A3-16196B6B0F1A}.Debug|x86.ActiveCfg = Debug|Any CPU
		{378D2A8D-D2CB-43AD-A2A3-16196B6B0F1A}.Debug|x86.Build.0 = Debug|Any CPU
		{378D2A8D-D2CB-43AD-A2A3-16196B6B0F1A}.Release|Any CPU.ActiveCfg = Release|Any CPU
		{378D2A8D-D2CB-43AD-A2A3-16196B6B0F1A}.Release|Any CPU.Build.0 = Release|Any CPU
		{378D2A8D-D2CB-43AD-A2A3-16196B6B0F1A}.Release|x64.ActiveCfg = Release|Any CPU
		{378D2A8D-D2CB-43AD-A2A3-16196B6B0F1A}.Release|x64.Build.0 = Release|Any CPU
		{378D2A8D-D2CB-43AD-A2A3-16196B6B0F1A}.Release|x86.ActiveCfg = Release|Any CPU
		{378D2A8D-D2CB-43AD-A2A3-16196B6B0F1A}.Release|x86.Build.0 = Release|Any CPU
		{4EEE87B7-1E2F-491D-A47F-F7D693C8C368}.Debug|Any CPU.ActiveCfg = Debug|Any CPU
		{4EEE87B7-1E2F-491D-A47F-F7D693C8C368}.Debug|Any CPU.Build.0 = Debug|Any CPU
		{4EEE87B7-1E2F-491D-A47F-F7D693C8C368}.Debug|x64.ActiveCfg = Debug|Any CPU
		{4EEE87B7-1E2F-491D-A47F-F7D693C8C368}.Debug|x64.Build.0 = Debug|Any CPU
		{4EEE87B7-1E2F-491D-A47F-F7D693C8C368}.Debug|x86.ActiveCfg = Debug|Any CPU
		{4EEE87B7-1E2F-491D-A47F-F7D693C8C368}.Debug|x86.Build.0 = Debug|Any CPU
		{4EEE87B7-1E2F-491D-A47F-F7D693C8C368}.Release|Any CPU.ActiveCfg = Release|Any CPU
		{4EEE87B7-1E2F-491D-A47F-F7D693C8C368}.Release|Any CPU.Build.0 = Release|Any CPU
		{4EEE87B7-1E2F-491D-A47F-F7D693C8C368}.Release|x64.ActiveCfg = Release|Any CPU
		{4EEE87B7-1E2F-491D-A47F-F7D693C8C368}.Release|x64.Build.0 = Release|Any CPU
		{4EEE87B7-1E2F-491D-A47F-F7D693C8C368}.Release|x86.ActiveCfg = Release|Any CPU
		{4EEE87B7-1E2F-491D-A47F-F7D693C8C368}.Release|x86.Build.0 = Release|Any CPU
		{943ED518-E158-4B80-BE1A-8EC8F6A26CF5}.Debug|Any CPU.ActiveCfg = Debug|Any CPU
		{943ED518-E158-4B80-BE1A-8EC8F6A26CF5}.Debug|Any CPU.Build.0 = Debug|Any CPU
		{943ED518-E158-4B80-BE1A-8EC8F6A26CF5}.Debug|x64.ActiveCfg = Debug|Any CPU
		{943ED518-E158-4B80-BE1A-8EC8F6A26CF5}.Debug|x64.Build.0 = Debug|Any CPU
		{943ED518-E158-4B80-BE1A-8EC8F6A26CF5}.Debug|x86.ActiveCfg = Debug|Any CPU
		{943ED518-E158-4B80-BE1A-8EC8F6A26CF5}.Debug|x86.Build.0 = Debug|Any CPU
		{943ED518-E158-4B80-BE1A-8EC8F6A26CF5}.Release|Any CPU.ActiveCfg = Release|Any CPU
		{943ED518-E158-4B80-BE1A-8EC8F6A26CF5}.Release|Any CPU.Build.0 = Release|Any CPU
		{943ED518-E158-4B80-BE1A-8EC8F6A26CF5}.Release|x64.ActiveCfg = Release|Any CPU
		{943ED518-E158-4B80-BE1A-8EC8F6A26CF5}.Release|x64.Build.0 = Release|Any CPU
		{943ED518-E158-4B80-BE1A-8EC8F6A26CF5}.Release|x86.ActiveCfg = Release|Any CPU
		{943ED518-E158-4B80-BE1A-8EC8F6A26CF5}.Release|x86.Build.0 = Release|Any CPU
	EndGlobalSection
	GlobalSection(SolutionProperties) = preSolution
		HideSolutionNode = FALSE
	EndGlobalSection
	GlobalSection(NestedProjects) = preSolution
		{8DB0F80C-9C28-1806-10F7-9331F621B8B9} = {C6F915E5-2082-BFE7-3F86-B10302675616}
		{634458F3-3EFD-CE12-5414-2B2A853789C6} = {8DB0F80C-9C28-1806-10F7-9331F621B8B9}
		{745B86AB-1D68-4C90-AFE2-D47A92B112DF} = {634458F3-3EFD-CE12-5414-2B2A853789C6}
		{774F992E-BC81-20E7-FE97-3679E348A82F} = {8DB0F80C-9C28-1806-10F7-9331F621B8B9}
		{03F180EA-F7F9-4FB4-B77F-85566D6604D0} = {774F992E-BC81-20E7-FE97-3679E348A82F}
		{0B2DC40A-9B0F-CCA5-6E03-4CCFA65A9ADA} = {C6F915E5-2082-BFE7-3F86-B10302675616}
		{451BC051-E2A0-EF12-F685-BF22E80A6ADE} = {0B2DC40A-9B0F-CCA5-6E03-4CCFA65A9ADA}
		{FEB6321F-C0B7-4C6A-B703-79B0EB9CA3D5} = {451BC051-E2A0-EF12-F685-BF22E80A6ADE}
		{712BF2A0-2480-E2F3-00F2-77C8723FD39F} = {0B2DC40A-9B0F-CCA5-6E03-4CCFA65A9ADA}
		{378D2A8D-D2CB-43AD-A2A3-16196B6B0F1A} = {712BF2A0-2480-E2F3-00F2-77C8723FD39F}
		{EFDFCBE6-18E7-3092-6DAA-0571E160DD2E} = {0B2DC40A-9B0F-CCA5-6E03-4CCFA65A9ADA}
		{4EEE87B7-1E2F-491D-A47F-F7D693C8C368} = {EFDFCBE6-18E7-3092-6DAA-0571E160DD2E}
		{AF592700-7625-79EB-E2BF-4A444E6AA1DD} = {8DB0F80C-9C28-1806-10F7-9331F621B8B9}
		{943ED518-E158-4B80-BE1A-8EC8F6A26CF5} = {AF592700-7625-79EB-E2BF-4A444E6AA1DD}
	EndGlobalSection
EndGlobal
