
Microsoft Visual Studio Solution File, Format Version 12.00
# 
Project("{2150E333-8FDC-42A3-9474-1A3956D46DE8}") = "Solution Items", "Solution Items", "{5B685190-EF49-4AA3-A6AE-94D2D59B15C0}"
	ProjectSection(SolutionItems) = preProject
		docker-compose.yaml = docker-compose.yaml
	EndProjectSection
EndProject
Project("{2150E333-8FDC-42A3-9474-1A3956D46DE8}") = "services", "services", "{9BACB5DE-9DB1-4E41-AACF-9DB77E16C70E}"
EndProject
Project("{2150E333-8FDC-42A3-9474-1A3956D46DE8}") = "patients-service", "patients-service", "{46B7EA73-4453-4D8A-BC8D-CAFF462B18DF}"
EndProject
Project("{2150E333-8FDC-42A3-9474-1A3956D46DE8}") = "src", "src", "{63B4984C-D47E-4C74-9D4C-38170E22300C}"
EndProject
Project("{FAE04EC0-301F-11D3-BF4B-00C04F79EFBC}") = "LifeCare.Patients.API", "services\patients-service\src\LifeCare.Patients.API\LifeCare.Patients.API.csproj", "{A7F810A5-7FC2-4004-A025-A9BCA4AC89CB}"
EndProject
Project("{FAE04EC0-301F-11D3-BF4B-00C04F79EFBC}") = "LifeCare.Patients.Domain", "services\patients-service\src\LifeCare.Patients.Domain\LifeCare.Patients.Domain.csproj", "{BF4CDF01-4FB0-4ABA-ADFC-B1D7322E5387}"
EndProject
Project("{FAE04EC0-301F-11D3-BF4B-00C04F79EFBC}") = "LifeCare.Patients.Infrastructure", "services\patients-service\src\LifeCare.Patients.Infrastructure\LifeCare.Patients.Infrastructure.csproj", "{360111B1-5ED0-4858-A72B-37D1433B4D63}"
EndProject
Project("{FAE04EC0-301F-11D3-BF4B-00C04F79EFBC}") = "LifeCare.Patients.Application", "services\patients-service\src\LifeCare.Patients.Application\LifeCare.Patients.Application.csproj", "{3228A2CD-7166-4B93-A0BC-6BB759D3EF63}"
EndProject
Project("{2150E333-8FDC-42A3-9474-1A3956D46DE8}") = "personnel-service", "personnel-service", "{F58154DC-2F27-4C70-87C7-22AC42862245}"
EndProject
Project("{2150E333-8FDC-42A3-9474-1A3956D46DE8}") = "src", "src", "{1BE00687-2E84-46B9-A8FA-CD2610AF628F}"
EndProject
Project("{FAE04EC0-301F-11D3-BF4B-00C04F79EFBC}") = "LifeCare.Personnel.API", "services\personnel-service\src\LifeCare.Personnel.API\LifeCare.Personnel.API.csproj", "{30853CFB-2EA9-41CB-BE29-4B2C88C638E5}"
EndProject
Project("{FAE04EC0-301F-11D3-BF4B-00C04F79EFBC}") = "LifeCare.Personnel.Application", "services\personnel-service\src\LifeCare.Personnel.Application\LifeCare.Personnel.Application.csproj", "{2AE59523-D444-4004-A793-4F6F8B10D4F8}"
EndProject
Project("{FAE04EC0-301F-11D3-BF4B-00C04F79EFBC}") = "LifeCare.Personnel.Domain", "services\personnel-service\src\LifeCare.Personnel.Domain\LifeCare.Personnel.Domain.csproj", "{D7830726-BFEA-4814-BCBF-1B0D313909FE}"
EndProject
Project("{FAE04EC0-301F-11D3-BF4B-00C04F79EFBC}") = "LifeCare.Personnel.Infrastructure", "services\personnel-service\src\LifeCare.Personnel.Infrastructure\LifeCare.Personnel.Infrastructure.csproj", "{0DE3CA3E-C953-4D4E-B121-BD81B3F1EDE3}"
EndProject
Global
	GlobalSection(SolutionConfigurationPlatforms) = preSolution
		Debug|Any CPU = Debug|Any CPU
		Debug|x64 = Debug|x64
		Debug|x86 = Debug|x86
		Release|Any CPU = Release|Any CPU
		Release|x64 = Release|x64
		Release|x86 = Release|x86
	EndGlobalSection
	GlobalSection(ProjectConfigurationPlatforms) = postSolution
		{A7F810A5-7FC2-4004-A025-A9BCA4AC89CB}.Debug|Any CPU.ActiveCfg = Debug|Any CPU
		{A7F810A5-7FC2-4004-A025-A9BCA4AC89CB}.Debug|Any CPU.Build.0 = Debug|Any CPU
		{A7F810A5-7FC2-4004-A025-A9BCA4AC89CB}.Debug|x64.ActiveCfg = Debug|Any CPU
		{A7F810A5-7FC2-4004-A025-A9BCA4AC89CB}.Debug|x64.Build.0 = Debug|Any CPU
		{A7F810A5-7FC2-4004-A025-A9BCA4AC89CB}.Debug|x86.ActiveCfg = Debug|Any CPU
		{A7F810A5-7FC2-4004-A025-A9BCA4AC89CB}.Debug|x86.Build.0 = Debug|Any CPU
		{A7F810A5-7FC2-4004-A025-A9BCA4AC89CB}.Release|Any CPU.ActiveCfg = Release|Any CPU
		{A7F810A5-7FC2-4004-A025-A9BCA4AC89CB}.Release|Any CPU.Build.0 = Release|Any CPU
		{A7F810A5-7FC2-4004-A025-A9BCA4AC89CB}.Release|x64.ActiveCfg = Release|Any CPU
		{A7F810A5-7FC2-4004-A025-A9BCA4AC89CB}.Release|x64.Build.0 = Release|Any CPU
		{A7F810A5-7FC2-4004-A025-A9BCA4AC89CB}.Release|x86.ActiveCfg = Release|Any CPU
		{A7F810A5-7FC2-4004-A025-A9BCA4AC89CB}.Release|x86.Build.0 = Release|Any CPU
		{BF4CDF01-4FB0-4ABA-ADFC-B1D7322E5387}.Debug|Any CPU.ActiveCfg = Debug|Any CPU
		{BF4CDF01-4FB0-4ABA-ADFC-B1D7322E5387}.Debug|Any CPU.Build.0 = Debug|Any CPU
		{BF4CDF01-4FB0-4ABA-ADFC-B1D7322E5387}.Debug|x64.ActiveCfg = Debug|Any CPU
		{BF4CDF01-4FB0-4ABA-ADFC-B1D7322E5387}.Debug|x64.Build.0 = Debug|Any CPU
		{BF4CDF01-4FB0-4ABA-ADFC-B1D7322E5387}.Debug|x86.ActiveCfg = Debug|Any CPU
		{BF4CDF01-4FB0-4ABA-ADFC-B1D7322E5387}.Debug|x86.Build.0 = Debug|Any CPU
		{BF4CDF01-4FB0-4ABA-ADFC-B1D7322E5387}.Release|Any CPU.ActiveCfg = Release|Any CPU
		{BF4CDF01-4FB0-4ABA-ADFC-B1D7322E5387}.Release|Any CPU.Build.0 = Release|Any CPU
		{BF4CDF01-4FB0-4ABA-ADFC-B1D7322E5387}.Release|x64.ActiveCfg = Release|Any CPU
		{BF4CDF01-4FB0-4ABA-ADFC-B1D7322E5387}.Release|x64.Build.0 = Release|Any CPU
		{BF4CDF01-4FB0-4ABA-ADFC-B1D7322E5387}.Release|x86.ActiveCfg = Release|Any CPU
		{BF4CDF01-4FB0-4ABA-ADFC-B1D7322E5387}.Release|x86.Build.0 = Release|Any CPU
		{360111B1-5ED0-4858-A72B-37D1433B4D63}.Debug|Any CPU.ActiveCfg = Debug|Any CPU
		{360111B1-5ED0-4858-A72B-37D1433B4D63}.Debug|Any CPU.Build.0 = Debug|Any CPU
		{360111B1-5ED0-4858-A72B-37D1433B4D63}.Debug|x64.ActiveCfg = Debug|Any CPU
		{360111B1-5ED0-4858-A72B-37D1433B4D63}.Debug|x64.Build.0 = Debug|Any CPU
		{360111B1-5ED0-4858-A72B-37D1433B4D63}.Debug|x86.ActiveCfg = Debug|Any CPU
		{360111B1-5ED0-4858-A72B-37D1433B4D63}.Debug|x86.Build.0 = Debug|Any CPU
		{360111B1-5ED0-4858-A72B-37D1433B4D63}.Release|Any CPU.ActiveCfg = Release|Any CPU
		{360111B1-5ED0-4858-A72B-37D1433B4D63}.Release|Any CPU.Build.0 = Release|Any CPU
		{360111B1-5ED0-4858-A72B-37D1433B4D63}.Release|x64.ActiveCfg = Release|Any CPU
		{360111B1-5ED0-4858-A72B-37D1433B4D63}.Release|x64.Build.0 = Release|Any CPU
		{360111B1-5ED0-4858-A72B-37D1433B4D63}.Release|x86.ActiveCfg = Release|Any CPU
		{360111B1-5ED0-4858-A72B-37D1433B4D63}.Release|x86.Build.0 = Release|Any CPU
		{3228A2CD-7166-4B93-A0BC-6BB759D3EF63}.Debug|Any CPU.ActiveCfg = Debug|Any CPU
		{3228A2CD-7166-4B93-A0BC-6BB759D3EF63}.Debug|Any CPU.Build.0 = Debug|Any CPU
		{3228A2CD-7166-4B93-A0BC-6BB759D3EF63}.Debug|x64.ActiveCfg = Debug|Any CPU
		{3228A2CD-7166-4B93-A0BC-6BB759D3EF63}.Debug|x64.Build.0 = Debug|Any CPU
		{3228A2CD-7166-4B93-A0BC-6BB759D3EF63}.Debug|x86.ActiveCfg = Debug|Any CPU
		{3228A2CD-7166-4B93-A0BC-6BB759D3EF63}.Debug|x86.Build.0 = Debug|Any CPU
		{3228A2CD-7166-4B93-A0BC-6BB759D3EF63}.Release|Any CPU.ActiveCfg = Release|Any CPU
		{3228A2CD-7166-4B93-A0BC-6BB759D3EF63}.Release|Any CPU.Build.0 = Release|Any CPU
		{3228A2CD-7166-4B93-A0BC-6BB759D3EF63}.Release|x64.ActiveCfg = Release|Any CPU
		{3228A2CD-7166-4B93-A0BC-6BB759D3EF63}.Release|x64.Build.0 = Release|Any CPU
		{3228A2CD-7166-4B93-A0BC-6BB759D3EF63}.Release|x86.ActiveCfg = Release|Any CPU
		{3228A2CD-7166-4B93-A0BC-6BB759D3EF63}.Release|x86.Build.0 = Release|Any CPU
		{30853CFB-2EA9-41CB-BE29-4B2C88C638E5}.Debug|Any CPU.ActiveCfg = Debug|Any CPU
		{30853CFB-2EA9-41CB-BE29-4B2C88C638E5}.Debug|Any CPU.Build.0 = Debug|Any CPU
		{30853CFB-2EA9-41CB-BE29-4B2C88C638E5}.Debug|x64.ActiveCfg = Debug|Any CPU
		{30853CFB-2EA9-41CB-BE29-4B2C88C638E5}.Debug|x64.Build.0 = Debug|Any CPU
		{30853CFB-2EA9-41CB-BE29-4B2C88C638E5}.Debug|x86.ActiveCfg = Debug|Any CPU
		{30853CFB-2EA9-41CB-BE29-4B2C88C638E5}.Debug|x86.Build.0 = Debug|Any CPU
		{30853CFB-2EA9-41CB-BE29-4B2C88C638E5}.Release|Any CPU.ActiveCfg = Release|Any CPU
		{30853CFB-2EA9-41CB-BE29-4B2C88C638E5}.Release|Any CPU.Build.0 = Release|Any CPU
		{30853CFB-2EA9-41CB-BE29-4B2C88C638E5}.Release|x64.ActiveCfg = Release|Any CPU
		{30853CFB-2EA9-41CB-BE29-4B2C88C638E5}.Release|x64.Build.0 = Release|Any CPU
		{30853CFB-2EA9-41CB-BE29-4B2C88C638E5}.Release|x86.ActiveCfg = Release|Any CPU
		{30853CFB-2EA9-41CB-BE29-4B2C88C638E5}.Release|x86.Build.0 = Release|Any CPU
		{2AE59523-D444-4004-A793-4F6F8B10D4F8}.Debug|Any CPU.ActiveCfg = Debug|Any CPU
		{2AE59523-D444-4004-A793-4F6F8B10D4F8}.Debug|Any CPU.Build.0 = Debug|Any CPU
		{2AE59523-D444-4004-A793-4F6F8B10D4F8}.Debug|x64.ActiveCfg = Debug|Any CPU
		{2AE59523-D444-4004-A793-4F6F8B10D4F8}.Debug|x64.Build.0 = Debug|Any CPU
		{2AE59523-D444-4004-A793-4F6F8B10D4F8}.Debug|x86.ActiveCfg = Debug|Any CPU
		{2AE59523-D444-4004-A793-4F6F8B10D4F8}.Debug|x86.Build.0 = Debug|Any CPU
		{2AE59523-D444-4004-A793-4F6F8B10D4F8}.Release|Any CPU.ActiveCfg = Release|Any CPU
		{2AE59523-D444-4004-A793-4F6F8B10D4F8}.Release|Any CPU.Build.0 = Release|Any CPU
		{2AE59523-D444-4004-A793-4F6F8B10D4F8}.Release|x64.ActiveCfg = Release|Any CPU
		{2AE59523-D444-4004-A793-4F6F8B10D4F8}.Release|x64.Build.0 = Release|Any CPU
		{2AE59523-D444-4004-A793-4F6F8B10D4F8}.Release|x86.ActiveCfg = Release|Any CPU
		{2AE59523-D444-4004-A793-4F6F8B10D4F8}.Release|x86.Build.0 = Release|Any CPU
		{D7830726-BFEA-4814-BCBF-1B0D313909FE}.Debug|Any CPU.ActiveCfg = Debug|Any CPU
		{D7830726-BFEA-4814-BCBF-1B0D313909FE}.Debug|Any CPU.Build.0 = Debug|Any CPU
		{D7830726-BFEA-4814-BCBF-1B0D313909FE}.Debug|x64.ActiveCfg = Debug|Any CPU
		{D7830726-BFEA-4814-BCBF-1B0D313909FE}.Debug|x64.Build.0 = Debug|Any CPU
		{D7830726-BFEA-4814-BCBF-1B0D313909FE}.Debug|x86.ActiveCfg = Debug|Any CPU
		{D7830726-BFEA-4814-BCBF-1B0D313909FE}.Debug|x86.Build.0 = Debug|Any CPU
		{D7830726-BFEA-4814-BCBF-1B0D313909FE}.Release|Any CPU.ActiveCfg = Release|Any CPU
		{D7830726-BFEA-4814-BCBF-1B0D313909FE}.Release|Any CPU.Build.0 = Release|Any CPU
		{D7830726-BFEA-4814-BCBF-1B0D313909FE}.Release|x64.ActiveCfg = Release|Any CPU
		{D7830726-BFEA-4814-BCBF-1B0D313909FE}.Release|x64.Build.0 = Release|Any CPU
		{D7830726-BFEA-4814-BCBF-1B0D313909FE}.Release|x86.ActiveCfg = Release|Any CPU
		{D7830726-BFEA-4814-BCBF-1B0D313909FE}.Release|x86.Build.0 = Release|Any CPU
		{0DE3CA3E-C953-4D4E-B121-BD81B3F1EDE3}.Debug|Any CPU.ActiveCfg = Debug|Any CPU
		{0DE3CA3E-C953-4D4E-B121-BD81B3F1EDE3}.Debug|Any CPU.Build.0 = Debug|Any CPU
		{0DE3CA3E-C953-4D4E-B121-BD81B3F1EDE3}.Debug|x64.ActiveCfg = Debug|Any CPU
		{0DE3CA3E-C953-4D4E-B121-BD81B3F1EDE3}.Debug|x64.Build.0 = Debug|Any CPU
		{0DE3CA3E-C953-4D4E-B121-BD81B3F1EDE3}.Debug|x86.ActiveCfg = Debug|Any CPU
		{0DE3CA3E-C953-4D4E-B121-BD81B3F1EDE3}.Debug|x86.Build.0 = Debug|Any CPU
		{0DE3CA3E-C953-4D4E-B121-BD81B3F1EDE3}.Release|Any CPU.ActiveCfg = Release|Any CPU
		{0DE3CA3E-C953-4D4E-B121-BD81B3F1EDE3}.Release|Any CPU.Build.0 = Release|Any CPU
		{0DE3CA3E-C953-4D4E-B121-BD81B3F1EDE3}.Release|x64.ActiveCfg = Release|Any CPU
		{0DE3CA3E-C953-4D4E-B121-BD81B3F1EDE3}.Release|x64.Build.0 = Release|Any CPU
		{0DE3CA3E-C953-4D4E-B121-BD81B3F1EDE3}.Release|x86.ActiveCfg = Release|Any CPU
		{0DE3CA3E-C953-4D4E-B121-BD81B3F1EDE3}.Release|x86.Build.0 = Release|Any CPU
	EndGlobalSection
	GlobalSection(SolutionProperties) = preSolution
		HideSolutionNode = FALSE
	EndGlobalSection
	GlobalSection(NestedProjects) = preSolution
		{46B7EA73-4453-4D8A-BC8D-CAFF462B18DF} = {9BACB5DE-9DB1-4E41-AACF-9DB77E16C70E}
		{63B4984C-D47E-4C74-9D4C-38170E22300C} = {46B7EA73-4453-4D8A-BC8D-CAFF462B18DF}
		{A7F810A5-7FC2-4004-A025-A9BCA4AC89CB} = {63B4984C-D47E-4C74-9D4C-38170E22300C}
		{BF4CDF01-4FB0-4ABA-ADFC-B1D7322E5387} = {63B4984C-D47E-4C74-9D4C-38170E22300C}
		{360111B1-5ED0-4858-A72B-37D1433B4D63} = {63B4984C-D47E-4C74-9D4C-38170E22300C}
		{3228A2CD-7166-4B93-A0BC-6BB759D3EF63} = {63B4984C-D47E-4C74-9D4C-38170E22300C}
		{F58154DC-2F27-4C70-87C7-22AC42862245} = {9BACB5DE-9DB1-4E41-AACF-9DB77E16C70E}
		{1BE00687-2E84-46B9-A8FA-CD2610AF628F} = {F58154DC-2F27-4C70-87C7-22AC42862245}
		{30853CFB-2EA9-41CB-BE29-4B2C88C638E5} = {1BE00687-2E84-46B9-A8FA-CD2610AF628F}
		{2AE59523-D444-4004-A793-4F6F8B10D4F8} = {1BE00687-2E84-46B9-A8FA-CD2610AF628F}
		{D7830726-BFEA-4814-BCBF-1B0D313909FE} = {1BE00687-2E84-46B9-A8FA-CD2610AF628F}
		{0DE3CA3E-C953-4D4E-B121-BD81B3F1EDE3} = {1BE00687-2E84-46B9-A8FA-CD2610AF628F}
	EndGlobalSection
EndGlobal
